
Microsoft Visual Studio Solution File, Format Version 12.00
# Visual Studio 14
VisualStudioVersion = 14.0.25420.1
MinimumVisualStudioVersion = 10.0.40219.1
Project("{FAE04EC0-301F-11D3-BF4B-00C04F79EFBC}") = "LearningFives", "LearningFives\LearningFives.csproj", "{4D6F5D1A-0F46-41AB-A269-5C0B0BD3951D}"
EndProject
Project("{FAE04EC0-301F-11D3-BF4B-00C04F79EFBC}") = "DataAccessors", "DataAccessors\DataAccessors.csproj", "{F6CDD67F-C861-47E9-BE27-F8F6BDB2D043}"
EndProject
Project("{FAE04EC0-301F-11D3-BF4B-00C04F79EFBC}") = "Engines", "Engines\Engines.csproj", "{90F29C7D-F478-4091-BB21-C52AA57FBDA9}"
EndProject
Project("{FAE04EC0-301F-11D3-BF4B-00C04F79EFBC}") = "Entities", "Entities\Entities.csproj", "{912280A6-F1CD-402A-B018-78F6E201DB28}"
EndProject
Project("{FAE04EC0-301F-11D3-BF4B-00C04F79EFBC}") = "Enums", "Enums\Enums.csproj", "{C4C8020F-6EB3-43CD-8EB0-7F15199C3C39}"
EndProject
Project("{FAE04EC0-301F-11D3-BF4B-00C04F79EFBC}") = "Managers", "Managers\Managers.csproj", "{2051534F-BF1F-463C-9BAA-A4386B0BA011}"
EndProject
Project("{2150E333-8FDC-42A3-9474-1A3956D46DE8}") = "Clients", "Clients", "{C55ABBCA-5638-4884-B881-F3A63D6FE5C1}"
EndProject
Project("{2150E333-8FDC-42A3-9474-1A3956D46DE8}") = "Contracts", "Contracts", "{EC0D03B3-4E64-4018-915F-23A5792B3EB5}"
EndProject
Project("{2150E333-8FDC-42A3-9474-1A3956D46DE8}") = "Unit Tests", "Unit Tests", "{77895B47-6D06-4E8F-A8D7-21222732E0DD}"
EndProject
Project("{FAE04EC0-301F-11D3-BF4B-00C04F79EFBC}") = "ActionModels", "ActionModels\ActionModels.csproj", "{828CD963-5B94-447C-9EA4-8E40D46B0A06}"
EndProject
Project("{FAE04EC0-301F-11D3-BF4B-00C04F79EFBC}") = "DataModels", "DataModels\DataModels.csproj", "{23E27263-F84B-4A9E-9ED1-78CCEA20A5F3}"
EndProject
Project("{FAE04EC0-301F-11D3-BF4B-00C04F79EFBC}") = "Interfaces", "Interfaces\Interfaces.csproj", "{83B85EBC-E0A6-43AB-8A0F-171580A613DD}"
EndProject
Project("{FAE04EC0-301F-11D3-BF4B-00C04F79EFBC}") = "ViewModels", "ViewModels\ViewModels.csproj", "{7BF77070-252C-4A00-9868-E64F915C5771}"
EndProject
Project("{FAE04EC0-301F-11D3-BF4B-00C04F79EFBC}") = "RiotAPI", "RiotAPI\RiotAPI.csproj", "{DC9ACE1F-FEC5-4D0F-B54C-DCB81264ADFC}"
EndProject
Project("{FAE04EC0-301F-11D3-BF4B-00C04F79EFBC}") = "RiotAPITests", "RiotAPITests\RiotAPITests.csproj", "{F3B85156-32E7-4A95-BE36-ECB5F48BF96E}"
EndProject
Global
	GlobalSection(Performance) = preSolution
		HasPerformanceSessions = true
	EndGlobalSection
	GlobalSection(SolutionConfigurationPlatforms) = preSolution
		Debug|Any CPU = Debug|Any CPU
		Release|Any CPU = Release|Any CPU
	EndGlobalSection
	GlobalSection(ProjectConfigurationPlatforms) = postSolution
		{4D6F5D1A-0F46-41AB-A269-5C0B0BD3951D}.Debug|Any CPU.ActiveCfg = Debug|Any CPU
		{4D6F5D1A-0F46-41AB-A269-5C0B0BD3951D}.Debug|Any CPU.Build.0 = Debug|Any CPU
		{4D6F5D1A-0F46-41AB-A269-5C0B0BD3951D}.Release|Any CPU.ActiveCfg = Release|Any CPU
		{4D6F5D1A-0F46-41AB-A269-5C0B0BD3951D}.Release|Any CPU.Build.0 = Release|Any CPU
		{F6CDD67F-C861-47E9-BE27-F8F6BDB2D043}.Debug|Any CPU.ActiveCfg = Debug|Any CPU
		{F6CDD67F-C861-47E9-BE27-F8F6BDB2D043}.Debug|Any CPU.Build.0 = Debug|Any CPU
		{F6CDD67F-C861-47E9-BE27-F8F6BDB2D043}.Release|Any CPU.ActiveCfg = Release|Any CPU
		{F6CDD67F-C861-47E9-BE27-F8F6BDB2D043}.Release|Any CPU.Build.0 = Release|Any CPU
		{90F29C7D-F478-4091-BB21-C52AA57FBDA9}.Debug|Any CPU.ActiveCfg = Debug|Any CPU
		{90F29C7D-F478-4091-BB21-C52AA57FBDA9}.Debug|Any CPU.Build.0 = Debug|Any CPU
		{90F29C7D-F478-4091-BB21-C52AA57FBDA9}.Release|Any CPU.ActiveCfg = Release|Any CPU
		{90F29C7D-F478-4091-BB21-C52AA57FBDA9}.Release|Any CPU.Build.0 = Release|Any CPU
		{912280A6-F1CD-402A-B018-78F6E201DB28}.Debug|Any CPU.ActiveCfg = Debug|Any CPU
		{912280A6-F1CD-402A-B018-78F6E201DB28}.Debug|Any CPU.Build.0 = Debug|Any CPU
		{912280A6-F1CD-402A-B018-78F6E201DB28}.Release|Any CPU.ActiveCfg = Release|Any CPU
		{912280A6-F1CD-402A-B018-78F6E201DB28}.Release|Any CPU.Build.0 = Release|Any CPU
		{C4C8020F-6EB3-43CD-8EB0-7F15199C3C39}.Debug|Any CPU.ActiveCfg = Debug|Any CPU
		{C4C8020F-6EB3-43CD-8EB0-7F15199C3C39}.Debug|Any CPU.Build.0 = Debug|Any CPU
		{C4C8020F-6EB3-43CD-8EB0-7F15199C3C39}.Release|Any CPU.ActiveCfg = Release|Any CPU
		{C4C8020F-6EB3-43CD-8EB0-7F15199C3C39}.Release|Any CPU.Build.0 = Release|Any CPU
		{2051534F-BF1F-463C-9BAA-A4386B0BA011}.Debug|Any CPU.ActiveCfg = Debug|Any CPU
		{2051534F-BF1F-463C-9BAA-A4386B0BA011}.Debug|Any CPU.Build.0 = Debug|Any CPU
		{2051534F-BF1F-463C-9BAA-A4386B0BA011}.Release|Any CPU.ActiveCfg = Release|Any CPU
		{2051534F-BF1F-463C-9BAA-A4386B0BA011}.Release|Any CPU.Build.0 = Release|Any CPU
		{828CD963-5B94-447C-9EA4-8E40D46B0A06}.Debug|Any CPU.ActiveCfg = Debug|Any CPU
		{828CD963-5B94-447C-9EA4-8E40D46B0A06}.Debug|Any CPU.Build.0 = Debug|Any CPU
		{828CD963-5B94-447C-9EA4-8E40D46B0A06}.Release|Any CPU.ActiveCfg = Release|Any CPU
		{828CD963-5B94-447C-9EA4-8E40D46B0A06}.Release|Any CPU.Build.0 = Release|Any CPU
		{23E27263-F84B-4A9E-9ED1-78CCEA20A5F3}.Debug|Any CPU.ActiveCfg = Debug|Any CPU
		{23E27263-F84B-4A9E-9ED1-78CCEA20A5F3}.Debug|Any CPU.Build.0 = Debug|Any CPU
		{23E27263-F84B-4A9E-9ED1-78CCEA20A5F3}.Release|Any CPU.ActiveCfg = Release|Any CPU
		{23E27263-F84B-4A9E-9ED1-78CCEA20A5F3}.Release|Any CPU.Build.0 = Release|Any CPU
		{83B85EBC-E0A6-43AB-8A0F-171580A613DD}.Debug|Any CPU.ActiveCfg = Debug|Any CPU
		{83B85EBC-E0A6-43AB-8A0F-171580A613DD}.Debug|Any CPU.Build.0 = Debug|Any CPU
		{83B85EBC-E0A6-43AB-8A0F-171580A613DD}.Release|Any CPU.ActiveCfg = Release|Any CPU
		{83B85EBC-E0A6-43AB-8A0F-171580A613DD}.Release|Any CPU.Build.0 = Release|Any CPU
		{7BF77070-252C-4A00-9868-E64F915C5771}.Debug|Any CPU.ActiveCfg = Debug|Any CPU
		{7BF77070-252C-4A00-9868-E64F915C5771}.Debug|Any CPU.Build.0 = Debug|Any CPU
		{7BF77070-252C-4A00-9868-E64F915C5771}.Release|Any CPU.ActiveCfg = Release|Any CPU
		{7BF77070-252C-4A00-9868-E64F915C5771}.Release|Any CPU.Build.0 = Release|Any CPU
		{DC9ACE1F-FEC5-4D0F-B54C-DCB81264ADFC}.Debug|Any CPU.ActiveCfg = Debug|Any CPU
		{DC9ACE1F-FEC5-4D0F-B54C-DCB81264ADFC}.Debug|Any CPU.Build.0 = Debug|Any CPU
		{DC9ACE1F-FEC5-4D0F-B54C-DCB81264ADFC}.Release|Any CPU.ActiveCfg = Release|Any CPU
		{DC9ACE1F-FEC5-4D0F-B54C-DCB81264ADFC}.Release|Any CPU.Build.0 = Release|Any CPU
		{F3B85156-32E7-4A95-BE36-ECB5F48BF96E}.Debug|Any CPU.ActiveCfg = Debug|Any CPU
		{F3B85156-32E7-4A95-BE36-ECB5F48BF96E}.Debug|Any CPU.Build.0 = Debug|Any CPU
		{F3B85156-32E7-4A95-BE36-ECB5F48BF96E}.Release|Any CPU.ActiveCfg = Release|Any CPU
		{F3B85156-32E7-4A95-BE36-ECB5F48BF96E}.Release|Any CPU.Build.0 = Release|Any CPU
	EndGlobalSection
	GlobalSection(SolutionProperties) = preSolution
		HideSolutionNode = FALSE
	EndGlobalSection
	GlobalSection(NestedProjects) = preSolution
		{4D6F5D1A-0F46-41AB-A269-5C0B0BD3951D} = {C55ABBCA-5638-4884-B881-F3A63D6FE5C1}
		{828CD963-5B94-447C-9EA4-8E40D46B0A06} = {EC0D03B3-4E64-4018-915F-23A5792B3EB5}
		{23E27263-F84B-4A9E-9ED1-78CCEA20A5F3} = {EC0D03B3-4E64-4018-915F-23A5792B3EB5}
		{83B85EBC-E0A6-43AB-8A0F-171580A613DD} = {EC0D03B3-4E64-4018-915F-23A5792B3EB5}
		{7BF77070-252C-4A00-9868-E64F915C5771} = {EC0D03B3-4E64-4018-915F-23A5792B3EB5}
		{F3B85156-32E7-4A95-BE36-ECB5F48BF96E} = {77895B47-6D06-4E8F-A8D7-21222732E0DD}
	EndGlobalSection
EndGlobal
